
Microsoft Visual Studio Solution File, Format Version 12.00
# Visual Studio 15
VisualStudioVersion = 15.0.27703.2026
MinimumVisualStudioVersion = 10.0.40219.1
Project("{9A19103F-16F7-4668-BE54-9A1E7A4F7556}") = "DependencyVersionBugRepro.Tests", "DependencyVersionBugRepro.Tests\DependencyVersionBugRepro.Tests.csproj", "{C7DBF715-5A93-4C69-BBE6-85FF2090F58D}"
EndProject
Project("{2150E333-8FDC-42A3-9474-1A3956D46DE8}") = "cicd", "cicd", "{394A80B5-C3B1-4E07-834A-61EE6C757209}"
	ProjectSection(SolutionItems) = preProject
		Dockerfile = Dockerfile
	EndProjectSection
EndProject
Project("{9A19103F-16F7-4668-BE54-9A1E7A4F7556}") = "DependencyVersionBugRepro.Console", "DependencyVersionBugRepro.Console\DependencyVersionBugRepro.Console.csproj", "{85BC2FB2-0AE1-47B9-8728-927E528948C9}"
EndProject
Project("{9A19103F-16F7-4668-BE54-9A1E7A4F7556}") = "DependencyVersionBugRepro.Api", "DependencyVersionBugRepro.Api\DependencyVersionBugRepro.Api.csproj", "{4D124522-2F60-4AFF-9D58-3864D564FDE4}"
EndProject
Global
	GlobalSection(SolutionConfigurationPlatforms) = preSolution
		Debug|Any CPU = Debug|Any CPU
		Release|Any CPU = Release|Any CPU
	EndGlobalSection
	GlobalSection(ProjectConfigurationPlatforms) = postSolution
		{C7DBF715-5A93-4C69-BBE6-85FF2090F58D}.Debug|Any CPU.ActiveCfg = Debug|Any CPU
		{C7DBF715-5A93-4C69-BBE6-85FF2090F58D}.Debug|Any CPU.Build.0 = Debug|Any CPU
		{C7DBF715-5A93-4C69-BBE6-85FF2090F58D}.Release|Any CPU.ActiveCfg = Release|Any CPU
		{C7DBF715-5A93-4C69-BBE6-85FF2090F58D}.Release|Any CPU.Build.0 = Release|Any CPU
		{85BC2FB2-0AE1-47B9-8728-927E528948C9}.Debug|Any CPU.ActiveCfg = Debug|Any CPU
		{85BC2FB2-0AE1-47B9-8728-927E528948C9}.Debug|Any CPU.Build.0 = Debug|Any CPU
		{85BC2FB2-0AE1-47B9-8728-927E528948C9}.Release|Any CPU.ActiveCfg = Release|Any CPU
		{85BC2FB2-0AE1-47B9-8728-927E528948C9}.Release|Any CPU.Build.0 = Release|Any CPU
		{4D124522-2F60-4AFF-9D58-3864D564FDE4}.Debug|Any CPU.ActiveCfg = Debug|Any CPU
		{4D124522-2F60-4AFF-9D58-3864D564FDE4}.Debug|Any CPU.Build.0 = Debug|Any CPU
		{4D124522-2F60-4AFF-9D58-3864D564FDE4}.Release|Any CPU.ActiveCfg = Release|Any CPU
		{4D124522-2F60-4AFF-9D58-3864D564FDE4}.Release|Any CPU.Build.0 = Release|Any CPU
	EndGlobalSection
	GlobalSection(SolutionProperties) = preSolution
		HideSolutionNode = FALSE
	EndGlobalSection
	GlobalSection(ExtensibilityGlobals) = postSolution
		SolutionGuid = {AF5EDCBC-0778-4E3E-916C-428E7B0C09A2}
	EndGlobalSection
EndGlobal
